
Microsoft Visual Studio Solution File, Format Version 12.00
# Visual Studio Version 17
VisualStudioVersion = 17.0.32014.148
MinimumVisualStudioVersion = 10.0.40219.1
Project("{FAE04EC0-301F-11D3-BF4B-00C04F79EFBC}") = "APIstatusCode", "APIstatusCode\APIstatusCode.csproj", "{46A42F1D-4202-46E4-A3C7-D7565FBBAFE3}"
EndProject
Global
	GlobalSection(SolutionConfigurationPlatforms) = preSolution
		Debug|Any CPU = Debug|Any CPU
		Release|Any CPU = Release|Any CPU
	EndGlobalSection
	GlobalSection(ProjectConfigurationPlatforms) = postSolution
		{46A42F1D-4202-46E4-A3C7-D7565FBBAFE3}.Debug|Any CPU.ActiveCfg = Debug|Any CPU
		{46A42F1D-4202-46E4-A3C7-D7565FBBAFE3}.Debug|Any CPU.Build.0 = Debug|Any CPU
		{46A42F1D-4202-46E4-A3C7-D7565FBBAFE3}.Release|Any CPU.ActiveCfg = Release|Any CPU
		{46A42F1D-4202-46E4-A3C7-D7565FBBAFE3}.Release|Any CPU.Build.0 = Release|Any CPU
	EndGlobalSection
	GlobalSection(SolutionProperties) = preSolution
		HideSolutionNode = FALSE
	EndGlobalSection
	GlobalSection(ExtensibilityGlobals) = postSolution
		SolutionGuid = {BDC9E834-4FED-4D13-BED0-FA07A29AD8E0}
	EndGlobalSection
EndGlobal
